// !$*UTF8*$!
{
	archiveVersion = 1;
	classes = {
	};
	objectVersion = 46;
	objects = {

/* Begin PBXBuildFile section */
		74024E4B1DB5901C0096D381 /* Reachability.swift in Sources */ = {isa = PBXBuildFile; fileRef = 74024E4A1DB5901C0096D381 /* Reachability.swift */; };
		74024E4C1DB5901C0096D381 /* Reachability.swift in Sources */ = {isa = PBXBuildFile; fileRef = 74024E4A1DB5901C0096D381 /* Reachability.swift */; };
		7425BD571DB3B95D00D14411 /* CloudKit.framework in Frameworks */ = {isa = PBXBuildFile; fileRef = 7425BD561DB3B95D00D14411 /* CloudKit.framework */; };
		744903FB1DB4122000A8A2A2 /* Word+Cloud.swift in Sources */ = {isa = PBXBuildFile; fileRef = 744903FA1DB4122000A8A2A2 /* Word+Cloud.swift */; };
		744903FD1DB492ED00A8A2A2 /* PreferencesController.swift in Sources */ = {isa = PBXBuildFile; fileRef = 744903FC1DB492ED00A8A2A2 /* PreferencesController.swift */; };
		7478D5071DAAF69C004D2A9B /* AppDelegate.swift in Sources */ = {isa = PBXBuildFile; fileRef = 7478D5061DAAF69C004D2A9B /* AppDelegate.swift */; };
		7478D5091DAAF69C004D2A9B /* ViewController.swift in Sources */ = {isa = PBXBuildFile; fileRef = 7478D5081DAAF69C004D2A9B /* ViewController.swift */; };
		7478D50E1DAAF69C004D2A9B /* Assets.xcassets in Resources */ = {isa = PBXBuildFile; fileRef = 7478D50D1DAAF69C004D2A9B /* Assets.xcassets */; };
		7478D5111DAAF69D004D2A9B /* Main.storyboard in Resources */ = {isa = PBXBuildFile; fileRef = 7478D50F1DAAF69D004D2A9B /* Main.storyboard */; };
		7478D51C1DAAF69D004D2A9B /* Woordjes_DesktopTests.swift in Sources */ = {isa = PBXBuildFile; fileRef = 7478D51B1DAAF69D004D2A9B /* Woordjes_DesktopTests.swift */; };
		7498B80A1DAC2EAA00D7E661 /* ExternalView.swift in Sources */ = {isa = PBXBuildFile; fileRef = 7498B8081DAC2EAA00D7E661 /* ExternalView.swift */; };
		7498B80B1DAC2EAA00D7E661 /* ExternalView.xib in Resources */ = {isa = PBXBuildFile; fileRef = 7498B8091DAC2EAA00D7E661 /* ExternalView.xib */; };
		74A9AC881DAF7C0F00632F27 /* Word+CoreDataClass.swift in Sources */ = {isa = PBXBuildFile; fileRef = 74A9AC861DAF7C0F00632F27 /* Word+CoreDataClass.swift */; };
		74A9AC891DAF7C0F00632F27 /* Word+CoreDataProperties.swift in Sources */ = {isa = PBXBuildFile; fileRef = 74A9AC871DAF7C0F00632F27 /* Word+CoreDataProperties.swift */; };
		74A9C77C1DAE5697002B164B /* CloudKit.framework in Frameworks */ = {isa = PBXBuildFile; fileRef = 74A9C77B1DAE5697002B164B /* CloudKit.framework */; };
		74A9C77F1DAE9302002B164B /* Screen observers.swift in Sources */ = {isa = PBXBuildFile; fileRef = 74A9C77E1DAE9302002B164B /* Screen observers.swift */; };
		74A9C7811DAEA504002B164B /* CloudWords.swift in Sources */ = {isa = PBXBuildFile; fileRef = 74A9C7801DAEA504002B164B /* CloudWords.swift */; };
		74C9256F1DB3A9BD00A736E1 /* CloudWords.swift in Sources */ = {isa = PBXBuildFile; fileRef = 74A9C7801DAEA504002B164B /* CloudWords.swift */; };
		74C925701DB3A9C000A736E1 /* Word+CoreDataClass.swift in Sources */ = {isa = PBXBuildFile; fileRef = 74A9AC861DAF7C0F00632F27 /* Word+CoreDataClass.swift */; };
		74C925711DB3A9C200A736E1 /* Word+CoreDataProperties.swift in Sources */ = {isa = PBXBuildFile; fileRef = 74A9AC871DAF7C0F00632F27 /* Word+CoreDataProperties.swift */; };
		74C925721DB3A9C500A736E1 /* List+CoreDataClass.swift in Sources */ = {isa = PBXBuildFile; fileRef = 74EADAA01DB11E2E008CA468 /* List+CoreDataClass.swift */; };
		74C925731DB3A9C800A736E1 /* List+CoreDataProperties.swift in Sources */ = {isa = PBXBuildFile; fileRef = 74EADAA11DB11E2E008CA468 /* List+CoreDataProperties.swift */; };
		74C925741DB3A9CE00A736E1 /* Woordjes.xcdatamodeld in Sources */ = {isa = PBXBuildFile; fileRef = 74F169B51DAA3F76000BDC28 /* Woordjes.xcdatamodeld */; };
		74EADAA31DB11E2E008CA468 /* List+CoreDataClass.swift in Sources */ = {isa = PBXBuildFile; fileRef = 74EADAA01DB11E2E008CA468 /* List+CoreDataClass.swift */; };
		74EADAA41DB11E2E008CA468 /* List+CoreDataProperties.swift in Sources */ = {isa = PBXBuildFile; fileRef = 74EADAA11DB11E2E008CA468 /* List+CoreDataProperties.swift */; };
		74F169AF1DAA3F76000BDC28 /* AppDelegate.swift in Sources */ = {isa = PBXBuildFile; fileRef = 74F169AE1DAA3F76000BDC28 /* AppDelegate.swift */; };
		74F169B11DAA3F76000BDC28 /* ViewController.swift in Sources */ = {isa = PBXBuildFile; fileRef = 74F169B01DAA3F76000BDC28 /* ViewController.swift */; };
		74F169B41DAA3F76000BDC28 /* Main.storyboard in Resources */ = {isa = PBXBuildFile; fileRef = 74F169B21DAA3F76000BDC28 /* Main.storyboard */; };
		74F169B71DAA3F76000BDC28 /* Woordjes.xcdatamodeld in Sources */ = {isa = PBXBuildFile; fileRef = 74F169B51DAA3F76000BDC28 /* Woordjes.xcdatamodeld */; };
		74F169B91DAA3F76000BDC28 /* Assets.xcassets in Resources */ = {isa = PBXBuildFile; fileRef = 74F169B81DAA3F76000BDC28 /* Assets.xcassets */; };
		74F169BC1DAA3F76000BDC28 /* LaunchScreen.storyboard in Resources */ = {isa = PBXBuildFile; fileRef = 74F169BA1DAA3F76000BDC28 /* LaunchScreen.storyboard */; };
		74F169C71DAA3F76000BDC28 /* WoordjesTests.swift in Sources */ = {isa = PBXBuildFile; fileRef = 74F169C61DAA3F76000BDC28 /* WoordjesTests.swift */; };
/* End PBXBuildFile section */

/* Begin PBXContainerItemProxy section */
		7478D5181DAAF69D004D2A9B /* PBXContainerItemProxy */ = {
			isa = PBXContainerItemProxy;
			containerPortal = 74F169A31DAA3F76000BDC28 /* Project object */;
			proxyType = 1;
			remoteGlobalIDString = 7478D5031DAAF69C004D2A9B;
			remoteInfo = "Woordjes Desktop";
		};
		74F169C31DAA3F76000BDC28 /* PBXContainerItemProxy */ = {
			isa = PBXContainerItemProxy;
			containerPortal = 74F169A31DAA3F76000BDC28 /* Project object */;
			proxyType = 1;
			remoteGlobalIDString = 74F169AA1DAA3F76000BDC28;
			remoteInfo = Woordjes;
		};
/* End PBXContainerItemProxy section */

/* Begin PBXFileReference section */
		74024E4A1DB5901C0096D381 /* Reachability.swift */ = {isa = PBXFileReference; fileEncoding = 4; lastKnownFileType = sourcecode.swift; path = Reachability.swift; sourceTree = "<group>"; };
		7425BD551DB3B94A00D14411 /* Woordjes Desktop.entitlements */ = {isa = PBXFileReference; lastKnownFileType = text.plist.entitlements; path = "Woordjes Desktop.entitlements"; sourceTree = "<group>"; };
		7425BD561DB3B95D00D14411 /* CloudKit.framework */ = {isa = PBXFileReference; lastKnownFileType = wrapper.framework; name = CloudKit.framework; path = Platforms/MacOSX.platform/Developer/SDKs/MacOSX10.12.sdk/System/Library/Frameworks/CloudKit.framework; sourceTree = DEVELOPER_DIR; };
		7425BD5B1DB3CAF900D14411 /* Readme.md */ = {isa = PBXFileReference; fileEncoding = 4; lastKnownFileType = net.daringfireball.markdown; path = Readme.md; sourceTree = "<group>"; };
		744903FA1DB4122000A8A2A2 /* Word+Cloud.swift */ = {isa = PBXFileReference; fileEncoding = 4; lastKnownFileType = sourcecode.swift; path = "Word+Cloud.swift"; sourceTree = "<group>"; };
		744903FC1DB492ED00A8A2A2 /* PreferencesController.swift */ = {isa = PBXFileReference; fileEncoding = 4; lastKnownFileType = sourcecode.swift; path = PreferencesController.swift; sourceTree = "<group>"; };
		7478D5041DAAF69C004D2A9B /* Woordjes Desktop.app */ = {isa = PBXFileReference; explicitFileType = wrapper.application; includeInIndex = 0; path = "Woordjes Desktop.app"; sourceTree = BUILT_PRODUCTS_DIR; };
		7478D5061DAAF69C004D2A9B /* AppDelegate.swift */ = {isa = PBXFileReference; lastKnownFileType = sourcecode.swift; path = AppDelegate.swift; sourceTree = "<group>"; };
		7478D5081DAAF69C004D2A9B /* ViewController.swift */ = {isa = PBXFileReference; lastKnownFileType = sourcecode.swift; path = ViewController.swift; sourceTree = "<group>"; };
		7478D50D1DAAF69C004D2A9B /* Assets.xcassets */ = {isa = PBXFileReference; lastKnownFileType = folder.assetcatalog; path = Assets.xcassets; sourceTree = "<group>"; };
		7478D5101DAAF69D004D2A9B /* Base */ = {isa = PBXFileReference; lastKnownFileType = file.storyboard; name = Base; path = Base.lproj/Main.storyboard; sourceTree = "<group>"; };
		7478D5121DAAF69D004D2A9B /* Info.plist */ = {isa = PBXFileReference; lastKnownFileType = text.plist.xml; path = Info.plist; sourceTree = "<group>"; };
		7478D5171DAAF69D004D2A9B /* Woordjes DesktopTests.xctest */ = {isa = PBXFileReference; explicitFileType = wrapper.cfbundle; includeInIndex = 0; path = "Woordjes DesktopTests.xctest"; sourceTree = BUILT_PRODUCTS_DIR; };
		7478D51B1DAAF69D004D2A9B /* Woordjes_DesktopTests.swift */ = {isa = PBXFileReference; lastKnownFileType = sourcecode.swift; path = Woordjes_DesktopTests.swift; sourceTree = "<group>"; };
		7478D51D1DAAF69D004D2A9B /* Info.plist */ = {isa = PBXFileReference; lastKnownFileType = text.plist.xml; path = Info.plist; sourceTree = "<group>"; };
		7498B8081DAC2EAA00D7E661 /* ExternalView.swift */ = {isa = PBXFileReference; fileEncoding = 4; lastKnownFileType = sourcecode.swift; path = ExternalView.swift; sourceTree = "<group>"; };
		7498B8091DAC2EAA00D7E661 /* ExternalView.xib */ = {isa = PBXFileReference; fileEncoding = 4; lastKnownFileType = file.xib; path = ExternalView.xib; sourceTree = "<group>"; };
		74A9AC861DAF7C0F00632F27 /* Word+CoreDataClass.swift */ = {isa = PBXFileReference; fileEncoding = 4; lastKnownFileType = sourcecode.swift; name = "Word+CoreDataClass.swift"; path = "Woordjes/Word+CoreDataClass.swift"; sourceTree = "<group>"; };
		74A9AC871DAF7C0F00632F27 /* Word+CoreDataProperties.swift */ = {isa = PBXFileReference; fileEncoding = 4; lastKnownFileType = sourcecode.swift; name = "Word+CoreDataProperties.swift"; path = "Woordjes/Word+CoreDataProperties.swift"; sourceTree = "<group>"; };
		74A9C7791DAE5693002B164B /* Woordjes.entitlements */ = {isa = PBXFileReference; lastKnownFileType = text.plist.entitlements; path = Woordjes.entitlements; sourceTree = "<group>"; };
		74A9C77B1DAE5697002B164B /* CloudKit.framework */ = {isa = PBXFileReference; lastKnownFileType = wrapper.framework; name = CloudKit.framework; path = System/Library/Frameworks/CloudKit.framework; sourceTree = SDKROOT; };
		74A9C77D1DAE58EA002B164B /* CloudKit.playground */ = {isa = PBXFileReference; lastKnownFileType = file.playground; path = CloudKit.playground; sourceTree = "<group>"; };
		74A9C77E1DAE9302002B164B /* Screen observers.swift */ = {isa = PBXFileReference; fileEncoding = 4; lastKnownFileType = sourcecode.swift; path = "Screen observers.swift"; sourceTree = "<group>"; };
		74A9C7801DAEA504002B164B /* CloudWords.swift */ = {isa = PBXFileReference; fileEncoding = 4; lastKnownFileType = sourcecode.swift; name = CloudWords.swift; path = Woordjes/CloudWords.swift; sourceTree = "<group>"; };
		74EADAA01DB11E2E008CA468 /* List+CoreDataClass.swift */ = {isa = PBXFileReference; fileEncoding = 4; lastKnownFileType = sourcecode.swift; name = "List+CoreDataClass.swift"; path = "Woordjes/List+CoreDataClass.swift"; sourceTree = "<group>"; };
		74EADAA11DB11E2E008CA468 /* List+CoreDataProperties.swift */ = {isa = PBXFileReference; fileEncoding = 4; lastKnownFileType = sourcecode.swift; name = "List+CoreDataProperties.swift"; path = "Woordjes/List+CoreDataProperties.swift"; sourceTree = "<group>"; };
		74F169AB1DAA3F76000BDC28 /* Woordjes.app */ = {isa = PBXFileReference; explicitFileType = wrapper.application; includeInIndex = 0; path = Woordjes.app; sourceTree = BUILT_PRODUCTS_DIR; };
		74F169AE1DAA3F76000BDC28 /* AppDelegate.swift */ = {isa = PBXFileReference; lastKnownFileType = sourcecode.swift; path = AppDelegate.swift; sourceTree = "<group>"; };
		74F169B01DAA3F76000BDC28 /* ViewController.swift */ = {isa = PBXFileReference; lastKnownFileType = sourcecode.swift; path = ViewController.swift; sourceTree = "<group>"; };
		74F169B31DAA3F76000BDC28 /* Base */ = {isa = PBXFileReference; lastKnownFileType = file.storyboard; name = Base; path = Base.lproj/Main.storyboard; sourceTree = "<group>"; };
		74F169B61DAA3F76000BDC28 /* Woordjes.xcdatamodel */ = {isa = PBXFileReference; lastKnownFileType = wrapper.xcdatamodel; path = Woordjes.xcdatamodel; sourceTree = "<group>"; };
		74F169B81DAA3F76000BDC28 /* Assets.xcassets */ = {isa = PBXFileReference; lastKnownFileType = folder.assetcatalog; path = Assets.xcassets; sourceTree = "<group>"; };
		74F169BB1DAA3F76000BDC28 /* Base */ = {isa = PBXFileReference; lastKnownFileType = file.storyboard; name = Base; path = Base.lproj/LaunchScreen.storyboard; sourceTree = "<group>"; };
		74F169BD1DAA3F76000BDC28 /* Info.plist */ = {isa = PBXFileReference; lastKnownFileType = text.plist.xml; path = Info.plist; sourceTree = "<group>"; };
		74F169C21DAA3F76000BDC28 /* WoordjesTests.xctest */ = {isa = PBXFileReference; explicitFileType = wrapper.cfbundle; includeInIndex = 0; path = WoordjesTests.xctest; sourceTree = BUILT_PRODUCTS_DIR; };
		74F169C61DAA3F76000BDC28 /* WoordjesTests.swift */ = {isa = PBXFileReference; lastKnownFileType = sourcecode.swift; path = WoordjesTests.swift; sourceTree = "<group>"; };
		74F169C81DAA3F76000BDC28 /* Info.plist */ = {isa = PBXFileReference; lastKnownFileType = text.plist.xml; path = Info.plist; sourceTree = "<group>"; };
/* End PBXFileReference section */

/* Begin PBXFrameworksBuildPhase section */
		7478D5011DAAF69C004D2A9B /* Frameworks */ = {
			isa = PBXFrameworksBuildPhase;
			buildActionMask = 2147483647;
			files = (
				7425BD571DB3B95D00D14411 /* CloudKit.framework in Frameworks */,
			);
			runOnlyForDeploymentPostprocessing = 0;
		};
		7478D5141DAAF69D004D2A9B /* Frameworks */ = {
			isa = PBXFrameworksBuildPhase;
			buildActionMask = 2147483647;
			files = (
			);
			runOnlyForDeploymentPostprocessing = 0;
		};
		74F169A81DAA3F76000BDC28 /* Frameworks */ = {
			isa = PBXFrameworksBuildPhase;
			buildActionMask = 2147483647;
			files = (
				74A9C77C1DAE5697002B164B /* CloudKit.framework in Frameworks */,
			);
			runOnlyForDeploymentPostprocessing = 0;
		};
		74F169BF1DAA3F76000BDC28 /* Frameworks */ = {
			isa = PBXFrameworksBuildPhase;
			buildActionMask = 2147483647;
			files = (
			);
			runOnlyForDeploymentPostprocessing = 0;
		};
/* End PBXFrameworksBuildPhase section */

/* Begin PBXGroup section */
		7478D5051DAAF69C004D2A9B /* Woordjes Desktop */ = {
			isa = PBXGroup;
			children = (
				7425BD551DB3B94A00D14411 /* Woordjes Desktop.entitlements */,
				7478D5061DAAF69C004D2A9B /* AppDelegate.swift */,
				7478D5081DAAF69C004D2A9B /* ViewController.swift */,
				744903FC1DB492ED00A8A2A2 /* PreferencesController.swift */,
				744903FA1DB4122000A8A2A2 /* Word+Cloud.swift */,
				7478D50D1DAAF69C004D2A9B /* Assets.xcassets */,
				7478D50F1DAAF69D004D2A9B /* Main.storyboard */,
				7478D5121DAAF69D004D2A9B /* Info.plist */,
			);
			path = "Woordjes Desktop";
			sourceTree = "<group>";
		};
		7478D51A1DAAF69D004D2A9B /* Woordjes DesktopTests */ = {
			isa = PBXGroup;
			children = (
				7478D51B1DAAF69D004D2A9B /* Woordjes_DesktopTests.swift */,
				7478D51D1DAAF69D004D2A9B /* Info.plist */,
			);
			path = "Woordjes DesktopTests";
			sourceTree = "<group>";
		};
		74A9C77A1DAE5697002B164B /* Frameworks */ = {
			isa = PBXGroup;
			children = (
				7425BD561DB3B95D00D14411 /* CloudKit.framework */,
				74A9C77B1DAE5697002B164B /* CloudKit.framework */,
			);
			name = Frameworks;
			sourceTree = "<group>";
		};
		74C9256E1DB3A99500A736E1 /* Shared word model */ = {
			isa = PBXGroup;
			children = (
				74A9C7801DAEA504002B164B /* CloudWords.swift */,
				74A9AC861DAF7C0F00632F27 /* Word+CoreDataClass.swift */,
				74A9AC871DAF7C0F00632F27 /* Word+CoreDataProperties.swift */,
				74EADAA01DB11E2E008CA468 /* List+CoreDataClass.swift */,
				74EADAA11DB11E2E008CA468 /* List+CoreDataProperties.swift */,
				74F169B51DAA3F76000BDC28 /* Woordjes.xcdatamodeld */,
				74024E4A1DB5901C0096D381 /* Reachability.swift */,
			);
			name = "Shared word model";
			sourceTree = "<group>";
		};
		74F169A21DAA3F76000BDC28 = {
			isa = PBXGroup;
			children = (
				7425BD5B1DB3CAF900D14411 /* Readme.md */,
				74C9256E1DB3A99500A736E1 /* Shared word model */,
				74A9C77D1DAE58EA002B164B /* CloudKit.playground */,
				74F169AD1DAA3F76000BDC28 /* Woordjes */,
				74F169C51DAA3F76000BDC28 /* WoordjesTests */,
				7478D5051DAAF69C004D2A9B /* Woordjes Desktop */,
				7478D51A1DAAF69D004D2A9B /* Woordjes DesktopTests */,
				74F169AC1DAA3F76000BDC28 /* Products */,
				74A9C77A1DAE5697002B164B /* Frameworks */,
			);
			sourceTree = "<group>";
		};
		74F169AC1DAA3F76000BDC28 /* Products */ = {
			isa = PBXGroup;
			children = (
				74F169AB1DAA3F76000BDC28 /* Woordjes.app */,
				74F169C21DAA3F76000BDC28 /* WoordjesTests.xctest */,
				7478D5041DAAF69C004D2A9B /* Woordjes Desktop.app */,
				7478D5171DAAF69D004D2A9B /* Woordjes DesktopTests.xctest */,
			);
			name = Products;
			sourceTree = "<group>";
		};
		74F169AD1DAA3F76000BDC28 /* Woordjes */ = {
			isa = PBXGroup;
			children = (
				74A9C7791DAE5693002B164B /* Woordjes.entitlements */,
				74F169AE1DAA3F76000BDC28 /* AppDelegate.swift */,
				74A9C77E1DAE9302002B164B /* Screen observers.swift */,
				74F169B01DAA3F76000BDC28 /* ViewController.swift */,
				7498B8081DAC2EAA00D7E661 /* ExternalView.swift */,
				7498B8091DAC2EAA00D7E661 /* ExternalView.xib */,
				74F169B21DAA3F76000BDC28 /* Main.storyboard */,
				74F169B81DAA3F76000BDC28 /* Assets.xcassets */,
				74F169BA1DAA3F76000BDC28 /* LaunchScreen.storyboard */,
				74F169BD1DAA3F76000BDC28 /* Info.plist */,
			);
			path = Woordjes;
			sourceTree = "<group>";
		};
		74F169C51DAA3F76000BDC28 /* WoordjesTests */ = {
			isa = PBXGroup;
			children = (
				74F169C61DAA3F76000BDC28 /* WoordjesTests.swift */,
				74F169C81DAA3F76000BDC28 /* Info.plist */,
			);
			path = WoordjesTests;
			sourceTree = "<group>";
		};
/* End PBXGroup section */

/* Begin PBXNativeTarget section */
		7478D5031DAAF69C004D2A9B /* Woordjes Desktop */ = {
			isa = PBXNativeTarget;
			buildConfigurationList = 7478D5221DAAF69D004D2A9B /* Build configuration list for PBXNativeTarget "Woordjes Desktop" */;
			buildPhases = (
				7478D5001DAAF69C004D2A9B /* Sources */,
				7478D5011DAAF69C004D2A9B /* Frameworks */,
				7478D5021DAAF69C004D2A9B /* Resources */,
			);
			buildRules = (
			);
			dependencies = (
			);
			name = "Woordjes Desktop";
			productName = "Woordjes Desktop";
			productReference = 7478D5041DAAF69C004D2A9B /* Woordjes Desktop.app */;
			productType = "com.apple.product-type.application";
		};
		7478D5161DAAF69D004D2A9B /* Woordjes DesktopTests */ = {
			isa = PBXNativeTarget;
			buildConfigurationList = 7478D5231DAAF69D004D2A9B /* Build configuration list for PBXNativeTarget "Woordjes DesktopTests" */;
			buildPhases = (
				7478D5131DAAF69D004D2A9B /* Sources */,
				7478D5141DAAF69D004D2A9B /* Frameworks */,
				7478D5151DAAF69D004D2A9B /* Resources */,
			);
			buildRules = (
			);
			dependencies = (
				7478D5191DAAF69D004D2A9B /* PBXTargetDependency */,
			);
			name = "Woordjes DesktopTests";
			productName = "Woordjes DesktopTests";
			productReference = 7478D5171DAAF69D004D2A9B /* Woordjes DesktopTests.xctest */;
			productType = "com.apple.product-type.bundle.unit-test";
		};
		74F169AA1DAA3F76000BDC28 /* Woordjes */ = {
			isa = PBXNativeTarget;
			buildConfigurationList = 74F169CB1DAA3F76000BDC28 /* Build configuration list for PBXNativeTarget "Woordjes" */;
			buildPhases = (
				74F169A71DAA3F76000BDC28 /* Sources */,
				74F169A81DAA3F76000BDC28 /* Frameworks */,
				74F169A91DAA3F76000BDC28 /* Resources */,
			);
			buildRules = (
			);
			dependencies = (
			);
			name = Woordjes;
			productName = Woordjes;
			productReference = 74F169AB1DAA3F76000BDC28 /* Woordjes.app */;
			productType = "com.apple.product-type.application";
		};
		74F169C11DAA3F76000BDC28 /* WoordjesTests */ = {
			isa = PBXNativeTarget;
			buildConfigurationList = 74F169CE1DAA3F76000BDC28 /* Build configuration list for PBXNativeTarget "WoordjesTests" */;
			buildPhases = (
				74F169BE1DAA3F76000BDC28 /* Sources */,
				74F169BF1DAA3F76000BDC28 /* Frameworks */,
				74F169C01DAA3F76000BDC28 /* Resources */,
			);
			buildRules = (
			);
			dependencies = (
				74F169C41DAA3F76000BDC28 /* PBXTargetDependency */,
			);
			name = WoordjesTests;
			productName = WoordjesTests;
			productReference = 74F169C21DAA3F76000BDC28 /* WoordjesTests.xctest */;
			productType = "com.apple.product-type.bundle.unit-test";
		};
/* End PBXNativeTarget section */

/* Begin PBXProject section */
		74F169A31DAA3F76000BDC28 /* Project object */ = {
			isa = PBXProject;
			attributes = {
				LastSwiftUpdateCheck = 0800;
				LastUpgradeCheck = 0800;
				ORGANIZATIONNAME = "Damiaan Dufaux";
				TargetAttributes = {
					7478D5031DAAF69C004D2A9B = {
						CreatedOnToolsVersion = 8.0;
						DevelopmentTeam = 7TD9A665TC;
						ProvisioningStyle = Automatic;
						SystemCapabilities = {
							com.apple.Push = {
								enabled = 1;
							};
							com.apple.iCloud = {
								enabled = 1;
							};
						};
					};
					7478D5161DAAF69D004D2A9B = {
						CreatedOnToolsVersion = 8.0;
						DevelopmentTeam = 7TD9A665TC;
						ProvisioningStyle = Automatic;
						TestTargetID = 7478D5031DAAF69C004D2A9B;
					};
					74F169AA1DAA3F76000BDC28 = {
						CreatedOnToolsVersion = 8.0;
						DevelopmentTeam = 7TD9A665TC;
						ProvisioningStyle = Automatic;
						SystemCapabilities = {
							com.apple.BackgroundModes = {
								enabled = 1;
							};
							com.apple.Push = {
								enabled = 1;
							};
							com.apple.iCloud = {
								enabled = 1;
							};
						};
					};
					74F169C11DAA3F76000BDC28 = {
						CreatedOnToolsVersion = 8.0;
						DevelopmentTeam = 7TD9A665TC;
						ProvisioningStyle = Automatic;
						TestTargetID = 74F169AA1DAA3F76000BDC28;
					};
				};
			};
			buildConfigurationList = 74F169A61DAA3F76000BDC28 /* Build configuration list for PBXProject "Woordjes" */;
			compatibilityVersion = "Xcode 3.2";
			developmentRegion = English;
			hasScannedForEncodings = 0;
			knownRegions = (
				en,
				Base,
			);
			mainGroup = 74F169A21DAA3F76000BDC28;
			productRefGroup = 74F169AC1DAA3F76000BDC28 /* Products */;
			projectDirPath = "";
			projectRoot = "";
			targets = (
				74F169AA1DAA3F76000BDC28 /* Woordjes */,
				74F169C11DAA3F76000BDC28 /* WoordjesTests */,
				7478D5031DAAF69C004D2A9B /* Woordjes Desktop */,
				7478D5161DAAF69D004D2A9B /* Woordjes DesktopTests */,
			);
		};
/* End PBXProject section */

/* Begin PBXResourcesBuildPhase section */
		7478D5021DAAF69C004D2A9B /* Resources */ = {
			isa = PBXResourcesBuildPhase;
			buildActionMask = 2147483647;
			files = (
				7478D50E1DAAF69C004D2A9B /* Assets.xcassets in Resources */,
				7478D5111DAAF69D004D2A9B /* Main.storyboard in Resources */,
			);
			runOnlyForDeploymentPostprocessing = 0;
		};
		7478D5151DAAF69D004D2A9B /* Resources */ = {
			isa = PBXResourcesBuildPhase;
			buildActionMask = 2147483647;
			files = (
			);
			runOnlyForDeploymentPostprocessing = 0;
		};
		74F169A91DAA3F76000BDC28 /* Resources */ = {
			isa = PBXResourcesBuildPhase;
			buildActionMask = 2147483647;
			files = (
				74F169BC1DAA3F76000BDC28 /* LaunchScreen.storyboard in Resources */,
				74F169B91DAA3F76000BDC28 /* Assets.xcassets in Resources */,
				74F169B41DAA3F76000BDC28 /* Main.storyboard in Resources */,
				7498B80B1DAC2EAA00D7E661 /* ExternalView.xib in Resources */,
			);
			runOnlyForDeploymentPostprocessing = 0;
		};
		74F169C01DAA3F76000BDC28 /* Resources */ = {
			isa = PBXResourcesBuildPhase;
			buildActionMask = 2147483647;
			files = (
			);
			runOnlyForDeploymentPostprocessing = 0;
		};
/* End PBXResourcesBuildPhase section */

/* Begin PBXSourcesBuildPhase section */
		7478D5001DAAF69C004D2A9B /* Sources */ = {
			isa = PBXSourcesBuildPhase;
			buildActionMask = 2147483647;
			files = (
				7478D5091DAAF69C004D2A9B /* ViewController.swift in Sources */,
				74C925731DB3A9C800A736E1 /* List+CoreDataProperties.swift in Sources */,
				7478D5071DAAF69C004D2A9B /* AppDelegate.swift in Sources */,
				74C925741DB3A9CE00A736E1 /* Woordjes.xcdatamodeld in Sources */,
				74C925701DB3A9C000A736E1 /* Word+CoreDataClass.swift in Sources */,
				74C9256F1DB3A9BD00A736E1 /* CloudWords.swift in Sources */,
				74C925721DB3A9C500A736E1 /* List+CoreDataClass.swift in Sources */,
				74024E4C1DB5901C0096D381 /* Reachability.swift in Sources */,
				74C925711DB3A9C200A736E1 /* Word+CoreDataProperties.swift in Sources */,
				744903FD1DB492ED00A8A2A2 /* PreferencesController.swift in Sources */,
				744903FB1DB4122000A8A2A2 /* Word+Cloud.swift in Sources */,
			);
			runOnlyForDeploymentPostprocessing = 0;
		};
		7478D5131DAAF69D004D2A9B /* Sources */ = {
			isa = PBXSourcesBuildPhase;
			buildActionMask = 2147483647;
			files = (
				7478D51C1DAAF69D004D2A9B /* Woordjes_DesktopTests.swift in Sources */,
			);
			runOnlyForDeploymentPostprocessing = 0;
		};
		74F169A71DAA3F76000BDC28 /* Sources */ = {
			isa = PBXSourcesBuildPhase;
			buildActionMask = 2147483647;
			files = (
				74F169B11DAA3F76000BDC28 /* ViewController.swift in Sources */,
				74EADAA41DB11E2E008CA468 /* List+CoreDataProperties.swift in Sources */,
				7498B80A1DAC2EAA00D7E661 /* ExternalView.swift in Sources */,
				74F169AF1DAA3F76000BDC28 /* AppDelegate.swift in Sources */,
				74A9AC881DAF7C0F00632F27 /* Word+CoreDataClass.swift in Sources */,
				74F169B71DAA3F76000BDC28 /* Woordjes.xcdatamodeld in Sources */,
				74A9C7811DAEA504002B164B /* CloudWords.swift in Sources */,
				74024E4B1DB5901C0096D381 /* Reachability.swift in Sources */,
				74A9C77F1DAE9302002B164B /* Screen observers.swift in Sources */,
				74EADAA31DB11E2E008CA468 /* List+CoreDataClass.swift in Sources */,
				74A9AC891DAF7C0F00632F27 /* Word+CoreDataProperties.swift in Sources */,
			);
			runOnlyForDeploymentPostprocessing = 0;
		};
		74F169BE1DAA3F76000BDC28 /* Sources */ = {
			isa = PBXSourcesBuildPhase;
			buildActionMask = 2147483647;
			files = (
				74F169C71DAA3F76000BDC28 /* WoordjesTests.swift in Sources */,
			);
			runOnlyForDeploymentPostprocessing = 0;
		};
/* End PBXSourcesBuildPhase section */

/* Begin PBXTargetDependency section */
		7478D5191DAAF69D004D2A9B /* PBXTargetDependency */ = {
			isa = PBXTargetDependency;
			target = 7478D5031DAAF69C004D2A9B /* Woordjes Desktop */;
			targetProxy = 7478D5181DAAF69D004D2A9B /* PBXContainerItemProxy */;
		};
		74F169C41DAA3F76000BDC28 /* PBXTargetDependency */ = {
			isa = PBXTargetDependency;
			target = 74F169AA1DAA3F76000BDC28 /* Woordjes */;
			targetProxy = 74F169C31DAA3F76000BDC28 /* PBXContainerItemProxy */;
		};
/* End PBXTargetDependency section */

/* Begin PBXVariantGroup section */
		7478D50F1DAAF69D004D2A9B /* Main.storyboard */ = {
			isa = PBXVariantGroup;
			children = (
				7478D5101DAAF69D004D2A9B /* Base */,
			);
			name = Main.storyboard;
			sourceTree = "<group>";
		};
		74F169B21DAA3F76000BDC28 /* Main.storyboard */ = {
			isa = PBXVariantGroup;
			children = (
				74F169B31DAA3F76000BDC28 /* Base */,
			);
			name = Main.storyboard;
			sourceTree = "<group>";
		};
		74F169BA1DAA3F76000BDC28 /* LaunchScreen.storyboard */ = {
			isa = PBXVariantGroup;
			children = (
				74F169BB1DAA3F76000BDC28 /* Base */,
			);
			name = LaunchScreen.storyboard;
			sourceTree = "<group>";
		};
/* End PBXVariantGroup section */

/* Begin XCBuildConfiguration section */
		7478D51E1DAAF69D004D2A9B /* Debug */ = {
			isa = XCBuildConfiguration;
			buildSettings = {
				ASSETCATALOG_COMPILER_APPICON_NAME = AppIcon;
				CODE_SIGN_ENTITLEMENTS = "Woordjes Desktop/Woordjes Desktop.entitlements";
				CODE_SIGN_IDENTITY = "Mac Developer";
				COMBINE_HIDPI_IMAGES = YES;
				DEVELOPMENT_TEAM = 7TD9A665TC;
				INFOPLIST_FILE = "Woordjes Desktop/Info.plist";
				LD_RUNPATH_SEARCH_PATHS = "$(inherited) @executable_path/../Frameworks";
				MACOSX_DEPLOYMENT_TARGET = 10.12;
				PRODUCT_BUNDLE_IDENTIFIER = com.devian.Woordjes.desktop;
				PRODUCT_NAME = "$(TARGET_NAME)";
				SDKROOT = macosx;
				SWIFT_VERSION = 3.0;
			};
			name = Debug;
		};
		7478D51F1DAAF69D004D2A9B /* Release */ = {
			isa = XCBuildConfiguration;
			buildSettings = {
				ASSETCATALOG_COMPILER_APPICON_NAME = AppIcon;
				CODE_SIGN_ENTITLEMENTS = "Woordjes Desktop/Woordjes Desktop.entitlements";
				CODE_SIGN_IDENTITY = "Mac Developer";
				COMBINE_HIDPI_IMAGES = YES;
				DEVELOPMENT_TEAM = 7TD9A665TC;
				INFOPLIST_FILE = "Woordjes Desktop/Info.plist";
				LD_RUNPATH_SEARCH_PATHS = "$(inherited) @executable_path/../Frameworks";
				MACOSX_DEPLOYMENT_TARGET = 10.12;
				PRODUCT_BUNDLE_IDENTIFIER = com.devian.Woordjes.desktop;
				PRODUCT_NAME = "$(TARGET_NAME)";
				SDKROOT = macosx;
				SWIFT_VERSION = 3.0;
			};
			name = Release;
		};
		7478D5201DAAF69D004D2A9B /* Debug */ = {
			isa = XCBuildConfiguration;
			buildSettings = {
				ALWAYS_EMBED_SWIFT_STANDARD_LIBRARIES = YES;
				BUNDLE_LOADER = "$(TEST_HOST)";
				CODE_SIGN_IDENTITY = "-";
				COMBINE_HIDPI_IMAGES = YES;
				DEVELOPMENT_TEAM = 7TD9A665TC;
				INFOPLIST_FILE = "Woordjes DesktopTests/Info.plist";
				LD_RUNPATH_SEARCH_PATHS = "$(inherited) @executable_path/../Frameworks @loader_path/../Frameworks";
				MACOSX_DEPLOYMENT_TARGET = 10.11;
				PRODUCT_BUNDLE_IDENTIFIER = "com.devian.Woordjes-DesktopTests";
				PRODUCT_NAME = "$(TARGET_NAME)";
				SDKROOT = macosx;
				SWIFT_VERSION = 3.0;
				TEST_HOST = "$(BUILT_PRODUCTS_DIR)/Woordjes Desktop.app/Contents/MacOS/Woordjes Desktop";
			};
			name = Debug;
		};
		7478D5211DAAF69D004D2A9B /* Release */ = {
			isa = XCBuildConfiguration;
			buildSettings = {
				ALWAYS_EMBED_SWIFT_STANDARD_LIBRARIES = YES;
				BUNDLE_LOADER = "$(TEST_HOST)";
				CODE_SIGN_IDENTITY = "-";
				COMBINE_HIDPI_IMAGES = YES;
				DEVELOPMENT_TEAM = 7TD9A665TC;
				INFOPLIST_FILE = "Woordjes DesktopTests/Info.plist";
				LD_RUNPATH_SEARCH_PATHS = "$(inherited) @executable_path/../Frameworks @loader_path/../Frameworks";
				MACOSX_DEPLOYMENT_TARGET = 10.11;
				PRODUCT_BUNDLE_IDENTIFIER = "com.devian.Woordjes-DesktopTests";
				PRODUCT_NAME = "$(TARGET_NAME)";
				SDKROOT = macosx;
				SWIFT_VERSION = 3.0;
				TEST_HOST = "$(BUILT_PRODUCTS_DIR)/Woordjes Desktop.app/Contents/MacOS/Woordjes Desktop";
			};
			name = Release;
		};
		74F169C91DAA3F76000BDC28 /* Debug */ = {
			isa = XCBuildConfiguration;
			buildSettings = {
				ALWAYS_SEARCH_USER_PATHS = NO;
				CLANG_ANALYZER_NONNULL = YES;
				CLANG_CXX_LANGUAGE_STANDARD = "gnu++0x";
				CLANG_CXX_LIBRARY = "libc++";
				CLANG_ENABLE_MODULES = YES;
				CLANG_ENABLE_OBJC_ARC = YES;
				CLANG_WARN_BOOL_CONVERSION = YES;
				CLANG_WARN_CONSTANT_CONVERSION = YES;
				CLANG_WARN_DIRECT_OBJC_ISA_USAGE = YES_ERROR;
				CLANG_WARN_DOCUMENTATION_COMMENTS = YES;
				CLANG_WARN_EMPTY_BODY = YES;
				CLANG_WARN_ENUM_CONVERSION = YES;
				CLANG_WARN_INFINITE_RECURSION = YES;
				CLANG_WARN_INT_CONVERSION = YES;
				CLANG_WARN_OBJC_ROOT_CLASS = YES_ERROR;
				CLANG_WARN_SUSPICIOUS_MOVES = YES;
				CLANG_WARN_UNREACHABLE_CODE = YES;
				CLANG_WARN__DUPLICATE_METHOD_MATCH = YES;
				"CODE_SIGN_IDENTITY[sdk=iphoneos*]" = "iPhone Developer";
				COPY_PHASE_STRIP = NO;
				DEBUG_INFORMATION_FORMAT = dwarf;
				ENABLE_STRICT_OBJC_MSGSEND = YES;
				ENABLE_TESTABILITY = YES;
				GCC_C_LANGUAGE_STANDARD = gnu99;
				GCC_DYNAMIC_NO_PIC = NO;
				GCC_NO_COMMON_BLOCKS = YES;
				GCC_OPTIMIZATION_LEVEL = 0;
				GCC_PREPROCESSOR_DEFINITIONS = (
					"DEBUG=1",
					"$(inherited)",
				);
				GCC_WARN_64_TO_32_BIT_CONVERSION = YES;
				GCC_WARN_ABOUT_RETURN_TYPE = YES_ERROR;
				GCC_WARN_UNDECLARED_SELECTOR = YES;
				GCC_WARN_UNINITIALIZED_AUTOS = YES_AGGRESSIVE;
				GCC_WARN_UNUSED_FUNCTION = YES;
				GCC_WARN_UNUSED_VARIABLE = YES;
				IPHONEOS_DEPLOYMENT_TARGET = 10.0;
				MTL_ENABLE_DEBUG_INFO = YES;
				ONLY_ACTIVE_ARCH = YES;
				SDKROOT = iphoneos;
				SWIFT_ACTIVE_COMPILATION_CONDITIONS = DEBUG;
				SWIFT_OPTIMIZATION_LEVEL = "-Onone";
				TARGETED_DEVICE_FAMILY = "1,2";
			};
			name = Debug;
		};
		74F169CA1DAA3F76000BDC28 /* Release */ = {
			isa = XCBuildConfiguration;
			buildSettings = {
				ALWAYS_SEARCH_USER_PATHS = NO;
				CLANG_ANALYZER_NONNULL = YES;
				CLANG_CXX_LANGUAGE_STANDARD = "gnu++0x";
				CLANG_CXX_LIBRARY = "libc++";
				CLANG_ENABLE_MODULES = YES;
				CLANG_ENABLE_OBJC_ARC = YES;
				CLANG_WARN_BOOL_CONVERSION = YES;
				CLANG_WARN_CONSTANT_CONVERSION = YES;
				CLANG_WARN_DIRECT_OBJC_ISA_USAGE = YES_ERROR;
				CLANG_WARN_DOCUMENTATION_COMMENTS = YES;
				CLANG_WARN_EMPTY_BODY = YES;
				CLANG_WARN_ENUM_CONVERSION = YES;
				CLANG_WARN_INFINITE_RECURSION = YES;
				CLANG_WARN_INT_CONVERSION = YES;
				CLANG_WARN_OBJC_ROOT_CLASS = YES_ERROR;
				CLANG_WARN_SUSPICIOUS_MOVES = YES;
				CLANG_WARN_UNREACHABLE_CODE = YES;
				CLANG_WARN__DUPLICATE_METHOD_MATCH = YES;
				"CODE_SIGN_IDENTITY[sdk=iphoneos*]" = "iPhone Developer";
				COPY_PHASE_STRIP = NO;
				DEBUG_INFORMATION_FORMAT = "dwarf-with-dsym";
				ENABLE_NS_ASSERTIONS = NO;
				ENABLE_STRICT_OBJC_MSGSEND = YES;
				GCC_C_LANGUAGE_STANDARD = gnu99;
				GCC_NO_COMMON_BLOCKS = YES;
				GCC_WARN_64_TO_32_BIT_CONVERSION = YES;
				GCC_WARN_ABOUT_RETURN_TYPE = YES_ERROR;
				GCC_WARN_UNDECLARED_SELECTOR = YES;
				GCC_WARN_UNINITIALIZED_AUTOS = YES_AGGRESSIVE;
				GCC_WARN_UNUSED_FUNCTION = YES;
				GCC_WARN_UNUSED_VARIABLE = YES;
				IPHONEOS_DEPLOYMENT_TARGET = 10.0;
				MTL_ENABLE_DEBUG_INFO = NO;
				SDKROOT = iphoneos;
				SWIFT_OPTIMIZATION_LEVEL = "-Owholemodule";
				TARGETED_DEVICE_FAMILY = "1,2";
				VALIDATE_PRODUCT = YES;
			};
			name = Release;
		};
		74F169CC1DAA3F76000BDC28 /* Debug */ = {
			isa = XCBuildConfiguration;
			buildSettings = {
				ASSETCATALOG_COMPILER_APPICON_NAME = AppIcon;
				CODE_SIGN_ENTITLEMENTS = Woordjes/Woordjes.entitlements;
				DEVELOPMENT_TEAM = 7TD9A665TC;
				INFOPLIST_FILE = Woordjes/Info.plist;
				LD_RUNPATH_SEARCH_PATHS = "$(inherited) @executable_path/Frameworks";
				PRODUCT_BUNDLE_IDENTIFIER = com.devian.Woordjes;
				PRODUCT_NAME = "$(TARGET_NAME)";
				SWIFT_VERSION = 3.0;
			};
			name = Debug;
		};
		74F169CD1DAA3F76000BDC28 /* Release */ = {
			isa = XCBuildConfiguration;
			buildSettings = {
				ASSETCATALOG_COMPILER_APPICON_NAME = AppIcon;
				CODE_SIGN_ENTITLEMENTS = Woordjes/Woordjes.entitlements;
				DEVELOPMENT_TEAM = 7TD9A665TC;
				INFOPLIST_FILE = Woordjes/Info.plist;
				LD_RUNPATH_SEARCH_PATHS = "$(inherited) @executable_path/Frameworks";
				PRODUCT_BUNDLE_IDENTIFIER = com.devian.Woordjes;
				PRODUCT_NAME = "$(TARGET_NAME)";
				SWIFT_VERSION = 3.0;
			};
			name = Release;
		};
		74F169CF1DAA3F76000BDC28 /* Debug */ = {
			isa = XCBuildConfiguration;
			buildSettings = {
				ALWAYS_EMBED_SWIFT_STANDARD_LIBRARIES = YES;
				BUNDLE_LOADER = "$(TEST_HOST)";
				DEVELOPMENT_TEAM = 7TD9A665TC;
				INFOPLIST_FILE = WoordjesTests/Info.plist;
				LD_RUNPATH_SEARCH_PATHS = "$(inherited) @executable_path/Frameworks @loader_path/Frameworks";
				PRODUCT_BUNDLE_IDENTIFIER = com.devian.WoordjesTests;
				PRODUCT_NAME = "$(TARGET_NAME)";
				SWIFT_VERSION = 3.0;
				TEST_HOST = "$(BUILT_PRODUCTS_DIR)/Woordjes.app/Woordjes";
			};
			name = Debug;
		};
		74F169D01DAA3F76000BDC28 /* Release */ = {
			isa = XCBuildConfiguration;
			buildSettings = {
				ALWAYS_EMBED_SWIFT_STANDARD_LIBRARIES = YES;
				BUNDLE_LOADER = "$(TEST_HOST)";
				DEVELOPMENT_TEAM = 7TD9A665TC;
				INFOPLIST_FILE = WoordjesTests/Info.plist;
				LD_RUNPATH_SEARCH_PATHS = "$(inherited) @executable_path/Frameworks @loader_path/Frameworks";
				PRODUCT_BUNDLE_IDENTIFIER = com.devian.WoordjesTests;
				PRODUCT_NAME = "$(TARGET_NAME)";
				SWIFT_VERSION = 3.0;
				TEST_HOST = "$(BUILT_PRODUCTS_DIR)/Woordjes.app/Woordjes";
			};
			name = Release;
		};
/* End XCBuildConfiguration section */

/* Begin XCConfigurationList section */
		7478D5221DAAF69D004D2A9B /* Build configuration list for PBXNativeTarget "Woordjes Desktop" */ = {
			isa = XCConfigurationList;
			buildConfigurations = (
				7478D51E1DAAF69D004D2A9B /* Debug */,
				7478D51F1DAAF69D004D2A9B /* Release */,
			);
			defaultConfigurationIsVisible = 0;
			defaultConfigurationName = Release;
		};
		7478D5231DAAF69D004D2A9B /* Build configuration list for PBXNativeTarget "Woordjes DesktopTests" */ = {
			isa = XCConfigurationList;
			buildConfigurations = (
				7478D5201DAAF69D004D2A9B /* Debug */,
				7478D5211DAAF69D004D2A9B /* Release */,
			);
			defaultConfigurationIsVisible = 0;
			defaultConfigurationName = Release;
		};
		74F169A61DAA3F76000BDC28 /* Build configuration list for PBXProject "Woordjes" */ = {
			isa = XCConfigurationList;
			buildConfigurations = (
				74F169C91DAA3F76000BDC28 /* Debug */,
				74F169CA1DAA3F76000BDC28 /* Release */,
			);
			defaultConfigurationIsVisible = 0;
			defaultConfigurationName = Release;
		};
		74F169CB1DAA3F76000BDC28 /* Build configuration list for PBXNativeTarget "Woordjes" */ = {
			isa = XCConfigurationList;
			buildConfigurations = (
				74F169CC1DAA3F76000BDC28 /* Debug */,
				74F169CD1DAA3F76000BDC28 /* Release */,
			);
			defaultConfigurationIsVisible = 0;
			defaultConfigurationName = Release;
		};
		74F169CE1DAA3F76000BDC28 /* Build configuration list for PBXNativeTarget "WoordjesTests" */ = {
			isa = XCConfigurationList;
			buildConfigurations = (
				74F169CF1DAA3F76000BDC28 /* Debug */,
				74F169D01DAA3F76000BDC28 /* Release */,
			);
			defaultConfigurationIsVisible = 0;
			defaultConfigurationName = Release;
		};
/* End XCConfigurationList section */

/* Begin XCVersionGroup section */
		74F169B51DAA3F76000BDC28 /* Woordjes.xcdatamodeld */ = {
			isa = XCVersionGroup;
			children = (
				74F169B61DAA3F76000BDC28 /* Woordjes.xcdatamodel */,
			);
			currentVersion = 74F169B61DAA3F76000BDC28 /* Woordjes.xcdatamodel */;
			name = Woordjes.xcdatamodeld;
			path = Woordjes/Woordjes.xcdatamodeld;
			sourceTree = "<group>";
			versionGroupType = wrapper.xcdatamodel;
		};
/* End XCVersionGroup section */
	};
	rootObject = 74F169A31DAA3F76000BDC28 /* Project object */;
}
